<?xml version="1.0" encoding="utf-8"?>
<Project ToolsVersion="4.0" xmlns="http://schemas.microsoft.com/developer/msbuild/2003">
  <ItemGroup>
    <Filter Include="qt_main">
      <UniqueIdentifier>{ca0eaca8-30d6-4cf5-82f7-23c0db1bdc9d}</UniqueIdentifier>
    </Filter>
    <Filter Include="core">
      <UniqueIdentifier>{6a433345-93ef-4af2-bc54-1009a84babb4}</UniqueIdentifier>
    </Filter>
    <Filter Include="core\logic">
      <UniqueIdentifier>{8d552d89-8e7c-4bac-b857-d27953ebbd50}</UniqueIdentifier>
    </Filter>
    <Filter Include="core\ui">
      <UniqueIdentifier>{e1b3638f-326c-4364-8aff-2ab856ee955e}</UniqueIdentifier>
    </Filter>
    <Filter Include="core\common">
      <UniqueIdentifier>{f8361b72-5938-47ac-b075-3c330b3bb8f5}</UniqueIdentifier>
    </Filter>
    <Filter Include="core\network">
      <UniqueIdentifier>{693e0336-e957-41e2-99c5-6550941eb307}</UniqueIdentifier>
    </Filter>
    <Filter Include="qt_main\Generated Files">
      <UniqueIdentifier>{71ED8ED8-ACB9-4CE9-BBE1-E00B30144E11}</UniqueIdentifier>
      <Extensions>moc;h;cpp</Extensions>
      <SourceControlFiles>False</SourceControlFiles>
    </Filter>
    <Filter Include="qt_main\Generated Files\Debug">
      <UniqueIdentifier>{8e908dd6-2b8b-4b3e-82d7-43e02e4b1399}</UniqueIdentifier>
      <Extensions>cpp;moc</Extensions>
      <SourceControlFiles>False</SourceControlFiles>
    </Filter>
    <Filter Include="qt_main\Generated Files\Release">
      <UniqueIdentifier>{536f4439-7439-43c1-8163-c775190041d0}</UniqueIdentifier>
      <Extensions>cpp;moc</Extensions>
      <SourceControlFiles>False</SourceControlFiles>
    </Filter>
    <Filter Include="core\network\handlers">
      <UniqueIdentifier>{8a4f8277-af68-4e19-a4b8-9f79f2d9867a}</UniqueIdentifier>
    </Filter>
    <Filter Include="core\config">
      <UniqueIdentifier>{d5b238b3-5922-4fc7-b3a1-dc7e588f7667}</UniqueIdentifier>
    </Filter>
    <Filter Include="core\config\cofiguration">
      <UniqueIdentifier>{f8b83fdc-8b22-4239-a2f9-132e6605fdaa}</UniqueIdentifier>
    </Filter>
    <Filter Include="core\logic\character_creator">
      <UniqueIdentifier>{34c79a9f-e416-4373-b718-bfc833f00d6a}</UniqueIdentifier>
    </Filter>
    <Filter Include="core\logic\map">
      <UniqueIdentifier>{03b43bbd-8d04-4ddb-85a4-39cc701390bc}</UniqueIdentifier>
    </Filter>
    <Filter Include="core\logic\chat">
      <UniqueIdentifier>{a764118f-d444-418d-8a70-5cc7eb26fbea}</UniqueIdentifier>
    </Filter>
    <Filter Include="core\logic\status_bar">
      <UniqueIdentifier>{267c4ac7-9866-40a7-9522-4ac028ed5996}</UniqueIdentifier>
    </Filter>
    <Filter Include="core\logic\login">
      <UniqueIdentifier>{b068c244-ab3e-4670-bdd3-b08d257c1846}</UniqueIdentifier>
    </Filter>
    <Filter Include="core\logic\setting">
      <UniqueIdentifier>{b9a4a3e2-1618-49ce-ad49-00f3a81d02e0}</UniqueIdentifier>
    </Filter>
    <Filter Include="core\logic\bag">
      <UniqueIdentifier>{5dae979f-be33-4842-a81a-540958b0a292}</UniqueIdentifier>
    </Filter>
    <Filter Include="Source Files">
      <UniqueIdentifier>{4FC737F1-C7A5-4376-A066-2A32D752A2FF}</UniqueIdentifier>
      <Extensions>cpp;cxx;c;def</Extensions>
      <ParseFiles>true</ParseFiles>
    </Filter>
    <Filter Include="core\logic\data">
      <UniqueIdentifier>{5da1c4e4-3dec-42db-bbf2-237406a8bc22}</UniqueIdentifier>
    </Filter>
  </ItemGroup>
  <ItemGroup>
    <ClCompile Include="GeneratedFiles\qrc_coeus_client_qt.cpp">
      <Filter>qt_main\Generated Files</Filter>
    </ClCompile>
    <ClCompile Include="main.cpp">
      <Filter>qt_main</Filter>
    </ClCompile>
    <ClCompile Include="GeneratedFiles\Debug\moc_game_login.cpp">
      <Filter>qt_main\Generated Files\Debug</Filter>
    </ClCompile>
    <ClCompile Include="GeneratedFiles\Release\moc_game_login.cpp">
      <Filter>qt_main\Generated Files\Release</Filter>
    </ClCompile>
    <ClCompile Include="game_network.cpp">
      <Filter>core\network</Filter>
    </ClCompile>
    <ClCompile Include="GeneratedFiles\Debug\moc_game_network.cpp">
      <Filter>qt_main\Generated Files\Debug</Filter>
    </ClCompile>
    <ClCompile Include="GeneratedFiles\Release\moc_game_network.cpp">
      <Filter>qt_main\Generated Files\Release</Filter>
    </ClCompile>
    <ClCompile Include="GeneratedFiles\Debug\moc_game_setting.cpp">
      <Filter>qt_main\Generated Files\Debug</Filter>
    </ClCompile>
    <ClCompile Include="GeneratedFiles\Release\moc_game_setting.cpp">
      <Filter>qt_main\Generated Files\Release</Filter>
    </ClCompile>
    <ClCompile Include="login_handler.cpp">
      <Filter>core\network\handlers</Filter>
    </ClCompile>
    <ClCompile Include="game_main.cpp">
      <Filter>core\logic</Filter>
    </ClCompile>
    <ClCompile Include="GeneratedFiles\Debug\moc_game_main.cpp">
      <Filter>qt_main\Generated Files\Debug</Filter>
    </ClCompile>
    <ClCompile Include="GeneratedFiles\Release\moc_game_main.cpp">
      <Filter>qt_main\Generated Files\Release</Filter>
    </ClCompile>
    <ClCompile Include="login_config.cpp">
      <Filter>core\config\cofiguration</Filter>
    </ClCompile>
    <ClCompile Include="create_character_handler.cpp">
      <Filter>core\network\handlers</Filter>
    </ClCompile>
    <ClCompile Include="character_config.cpp">
      <Filter>core\config\cofiguration</Filter>
    </ClCompile>
    <ClCompile Include="GeneratedFiles\Debug\moc_game_status_bar_widget.cpp">
      <Filter>qt_main\Generated Files\Debug</Filter>
    </ClCompile>
    <ClCompile Include="GeneratedFiles\Release\moc_game_status_bar_widget.cpp">
      <Filter>qt_main\Generated Files\Release</Filter>
    </ClCompile>
    <ClCompile Include="game_status_bar_widget.cpp">
      <Filter>core\logic\status_bar</Filter>
    </ClCompile>
    <ClCompile Include="GeneratedFiles\Debug\moc_game_chat_widget.cpp">
      <Filter>qt_main\Generated Files\Debug</Filter>
    </ClCompile>
    <ClCompile Include="GeneratedFiles\Release\moc_game_chat_widget.cpp">
      <Filter>qt_main\Generated Files\Release</Filter>
    </ClCompile>
    <ClCompile Include="game_chat_widget.cpp">
      <Filter>core\logic\chat</Filter>
    </ClCompile>
    <ClCompile Include="GeneratedFiles\Debug\moc_game_map_widget.cpp">
      <Filter>qt_main\Generated Files\Debug</Filter>
    </ClCompile>
    <ClCompile Include="GeneratedFiles\Release\moc_game_map_widget.cpp">
      <Filter>qt_main\Generated Files\Release</Filter>
    </ClCompile>
    <ClCompile Include="game_map_widget.cpp">
      <Filter>core\logic\map</Filter>
    </ClCompile>
    <ClCompile Include="game_login.cpp">
      <Filter>core\logic\login</Filter>
    </ClCompile>
    <ClCompile Include="game_setting.cpp">
      <Filter>core\logic\setting</Filter>
    </ClCompile>
    <ClCompile Include="properties_handler.cpp">
      <Filter>core\network\handlers</Filter>
    </ClCompile>
    <ClCompile Include="GeneratedFiles\Debug\moc_game_bag.cpp">
      <Filter>qt_main\Generated Files\Debug</Filter>
    </ClCompile>
    <ClCompile Include="GeneratedFiles\Release\moc_game_bag.cpp">
      <Filter>qt_main\Generated Files\Release</Filter>
    </ClCompile>
    <ClCompile Include="game_bag.cpp">
      <Filter>core\logic\bag</Filter>
    </ClCompile>
    <ClCompile Include="GeneratedFiles\Debug\moc_character_creator.cpp">
      <Filter>qt_main\Generated Files\Debug</Filter>
    </ClCompile>
    <ClCompile Include="GeneratedFiles\Release\moc_character_creator.cpp">
      <Filter>qt_main\Generated Files\Release</Filter>
    </ClCompile>
    <ClCompile Include="character_creator.cpp">
      <Filter>core\logic\character_creator</Filter>
    </ClCompile>
    <ClCompile Include="character_creator_baseinfo_page.cpp">
      <Filter>core\logic\character_creator</Filter>
    </ClCompile>
    <ClCompile Include="GeneratedFiles\Debug\moc_character_creator_baseinfo_page.cpp">
      <Filter>qt_main\Generated Files\Debug</Filter>
    </ClCompile>
    <ClCompile Include="GeneratedFiles\Release\moc_character_creator_baseinfo_page.cpp">
      <Filter>qt_main\Generated Files\Release</Filter>
    </ClCompile>
    <ClCompile Include="character_creator_characteristic_page.cpp">
      <Filter>core\logic\character_creator</Filter>
    </ClCompile>
    <ClCompile Include="GeneratedFiles\Debug\moc_character_creator_characteristic_page.cpp">
      <Filter>qt_main\Generated Files\Debug</Filter>
    </ClCompile>
    <ClCompile Include="GeneratedFiles\Release\moc_character_creator_characteristic_page.cpp">
      <Filter>qt_main\Generated Files\Release</Filter>
    </ClCompile>
    <ClCompile Include="character_creator_epic_page.cpp">
      <Filter>core\logic\character_creator</Filter>
    </ClCompile>
    <ClCompile Include="GeneratedFiles\Debug\moc_character_creator_epic_page.cpp">
      <Filter>qt_main\Generated Files\Debug</Filter>
    </ClCompile>
    <ClCompile Include="GeneratedFiles\Release\moc_character_creator_epic_page.cpp">
      <Filter>qt_main\Generated Files\Release</Filter>
    </ClCompile>
    <ClCompile Include="character_creator_introdution_page.cpp">
      <Filter>core\logic\character_creator</Filter>
    </ClCompile>
    <ClCompile Include="GeneratedFiles\Debug\moc_character_creator_introdution_page.cpp">
      <Filter>qt_main\Generated Files\Debug</Filter>
    </ClCompile>
    <ClCompile Include="GeneratedFiles\Release\moc_character_creator_introdution_page.cpp">
      <Filter>qt_main\Generated Files\Release</Filter>
    </ClCompile>
    <ClCompile Include="character_creator_career_belief_page.cpp">
      <Filter>core\logic\character_creator</Filter>
    </ClCompile>
    <ClCompile Include="GeneratedFiles\Debug\moc_character_creator_career_belief_page.cpp">
      <Filter>qt_main\Generated Files\Debug</Filter>
    </ClCompile>
    <ClCompile Include="GeneratedFiles\Release\moc_character_creator_career_belief_page.cpp">
      <Filter>qt_main\Generated Files\Release</Filter>
    </ClCompile>
    <ClCompile Include="GeneratedFiles\Debug\moc_character_creator_left_guides_widget.cpp">
      <Filter>qt_main\Generated Files\Debug</Filter>
    </ClCompile>
    <ClCompile Include="GeneratedFiles\Release\moc_character_creator_left_guides_widget.cpp">
      <Filter>qt_main\Generated Files\Release</Filter>
    </ClCompile>
    <ClCompile Include="character_creator_left_guides_widget.cpp">
      <Filter>core\logic\character_creator</Filter>
    </ClCompile>
    <ClCompile Include="GeneratedFiles\Debug\moc_character_creator_summary_page.cpp">
      <Filter>qt_main\Generated Files\Debug</Filter>
    </ClCompile>
    <ClCompile Include="GeneratedFiles\Release\moc_character_creator_summary_page.cpp">
      <Filter>qt_main\Generated Files\Release</Filter>
    </ClCompile>
    <ClCompile Include="character_creator_summary_page.cpp">
      <Filter>core\logic\character_creator</Filter>
    </ClCompile>
    <ClCompile Include="GeneratedFiles\Debug\moc_game_loader.cpp">
      <Filter>qt_main\Generated Files\Debug</Filter>
    </ClCompile>
    <ClCompile Include="GeneratedFiles\Release\moc_game_loader.cpp">
      <Filter>qt_main\Generated Files\Release</Filter>
    </ClCompile>
    <ClCompile Include="game_loader.cpp">
      <Filter>core\logic</Filter>
    </ClCompile>
    <ClCompile Include="chat_handler.cpp">
      <Filter>core\network\handlers</Filter>
    </ClCompile>
  </ItemGroup>
  <ItemGroup>
    <CustomBuild Include="coeus_client_qt.qrc">
      <Filter>qt_main</Filter>
    </CustomBuild>
    <CustomBuild Include="login_dialog.ui">
      <Filter>core\ui</Filter>
    </CustomBuild>
    <CustomBuild Include="gamesys_setting_dialog.ui">
      <Filter>core\ui</Filter>
    </CustomBuild>
    <CustomBuild Include="game_network.h">
      <Filter>core\network</Filter>
    </CustomBuild>
    <CustomBuild Include="game_main_dialog.ui">
      <Filter>core\ui</Filter>
    </CustomBuild>
    <CustomBuild Include="game_main.h">
      <Filter>core\logic</Filter>
    </CustomBuild>
    <CustomBuild Include="npc_dialogue_box.ui">
      <Filter>core\ui</Filter>
    </CustomBuild>
    <CustomBuild Include="game_statusbar_widget.ui">
      <Filter>core\ui</Filter>
    </CustomBuild>
    <CustomBuild Include="game_status_bar_widget.h">
      <Filter>core\logic\status_bar</Filter>
    </CustomBuild>
    <CustomBuild Include="game_chat_widget.h">
      <Filter>core\logic\chat</Filter>
    </CustomBuild>
    <CustomBuild Include="game_chat_widget.ui">
      <Filter>core\ui</Filter>
    </CustomBuild>
    <CustomBuild Include="game_map_widget.ui">
      <Filter>core\ui</Filter>
    </CustomBuild>
    <CustomBuild Include="game_map_widget.h">
      <Filter>core\logic\map</Filter>
    </CustomBuild>
    <CustomBuild Include="game_login.h">
      <Filter>core\logic\login</Filter>
    </CustomBuild>
    <CustomBuild Include="game_setting.h">
      <Filter>core\logic\setting</Filter>
    </CustomBuild>
    <CustomBuild Include="game_bag_dialog.ui">
      <Filter>core\ui</Filter>
    </CustomBuild>
    <CustomBuild Include="game_bag.h">
      <Filter>core\logic\bag</Filter>
    </CustomBuild>
    <CustomBuild Include="character_creator.h">
      <Filter>core\logic\character_creator</Filter>
    </CustomBuild>
    <CustomBuild Include="character_creator_baseinfo_page.h">
      <Filter>core\logic\character_creator</Filter>
    </CustomBuild>
    <CustomBuild Include="character_creator_characteristic_page.h">
      <Filter>core\logic\character_creator</Filter>
    </CustomBuild>
    <CustomBuild Include="character_creator_epic_page.h">
      <Filter>core\logic\character_creator</Filter>
    </CustomBuild>
    <CustomBuild Include="character_creator_introdution_page.h">
      <Filter>core\logic\character_creator</Filter>
    </CustomBuild>
    <CustomBuild Include="character_creator_characteristic_page.ui">
      <Filter>core\ui</Filter>
    </CustomBuild>
    <CustomBuild Include="character_creator_epic_page.ui">
      <Filter>core\ui</Filter>
    </CustomBuild>
    <CustomBuild Include="character_creator_introdution_page.ui">
      <Filter>core\ui</Filter>
    </CustomBuild>
    <CustomBuild Include="character_creator_dialog.ui">
      <Filter>core\ui</Filter>
    </CustomBuild>
    <CustomBuild Include="character_creator_baseinfo_page.ui">
      <Filter>core\ui</Filter>
    </CustomBuild>
    <CustomBuild Include="character_creator_career_belief_page.h">
      <Filter>core\logic\character_creator</Filter>
    </CustomBuild>
    <CustomBuild Include="character_creator_career_belief_page.ui">
      <Filter>core\ui</Filter>
    </CustomBuild>
    <CustomBuild Include="character_creator_left_guides_widget.ui">
      <Filter>core\ui</Filter>
    </CustomBuild>
    <CustomBuild Include="character_creator_left_guides_widget.h">
      <Filter>core\logic\character_creator</Filter>
    </CustomBuild>
    <CustomBuild Include="character_creator_summary_page.ui">
      <Filter>core\ui</Filter>
    </CustomBuild>
    <CustomBuild Include="character_creator_summary_page.h">
      <Filter>core\logic\character_creator</Filter>
    </CustomBuild>
    <CustomBuild Include="game_launcher.h">
      <Filter>qt_main</Filter>
    </CustomBuild>
    <CustomBuild Include="GeneratedFiles\ui_character_creator_baseinfo_page.h">
      <Filter>qt_main\Generated Files</Filter>
    </CustomBuild>
    <CustomBuild Include="GeneratedFiles\ui_character_creator_career_belief_page.h">
      <Filter>qt_main\Generated Files</Filter>
    </CustomBuild>
    <CustomBuild Include="GeneratedFiles\ui_character_creator_characteristic_page.h">
      <Filter>qt_main\Generated Files</Filter>
    </CustomBuild>
    <CustomBuild Include="GeneratedFiles\ui_character_creator_dialog.h">
      <Filter>qt_main\Generated Files</Filter>
    </CustomBuild>
    <CustomBuild Include="GeneratedFiles\ui_character_creator_epic_page.h">
      <Filter>qt_main\Generated Files</Filter>
    </CustomBuild>
    <CustomBuild Include="GeneratedFiles\ui_character_creator_introdution_page.h">
      <Filter>qt_main\Generated Files</Filter>
    </CustomBuild>
    <CustomBuild Include="GeneratedFiles\ui_character_creator_left_guides_widget.h">
      <Filter>qt_main\Generated Files</Filter>
    </CustomBuild>
    <CustomBuild Include="GeneratedFiles\ui_character_creator_summary_page.h">
      <Filter>qt_main\Generated Files</Filter>
    </CustomBuild>
    <CustomBuild Include="GeneratedFiles\ui_game_bag_dialog.h">
      <Filter>qt_main\Generated Files</Filter>
    </CustomBuild>
    <CustomBuild Include="GeneratedFiles\ui_game_chat_widget.h">
      <Filter>qt_main\Generated Files</Filter>
    </CustomBuild>
    <CustomBuild Include="GeneratedFiles\ui_game_main_dialog.h">
      <Filter>qt_main\Generated Files</Filter>
    </CustomBuild>
    <CustomBuild Include="GeneratedFiles\ui_game_map_widget.h">
      <Filter>qt_main\Generated Files</Filter>
    </CustomBuild>
    <CustomBuild Include="GeneratedFiles\ui_game_statusbar_widget.h">
      <Filter>qt_main\Generated Files</Filter>
    </CustomBuild>
    <CustomBuild Include="GeneratedFiles\ui_npc_dialogue_box.h">
      <Filter>qt_main\Generated Files</Filter>
    </CustomBuild>
    <CustomBuild Include="GeneratedFiles\ui_gamesys_setting_dialog.h">
      <Filter>qt_main\Generated Files</Filter>
    </CustomBuild>
    <CustomBuild Include="GeneratedFiles\ui_login_dialog.h">
      <Filter>qt_main\Generated Files</Filter>
    </CustomBuild>
    <CustomBuild Include="qt_coeus_common.h">
      <Filter>core\common</Filter>
    </CustomBuild>
    <CustomBuild Include="ui_definition.h">
      <Filter>core\common</Filter>
    </CustomBuild>
    <CustomBuild Include="widget_manager.h">
      <Filter>core\common</Filter>
    </CustomBuild>
    <CustomBuild Include="utils.h">
      <Filter>core\common</Filter>
    </CustomBuild>
    <CustomBuild Include="game_opcode_registry.h">
      <Filter>core\network</Filter>
    </CustomBuild>
    <CustomBuild Include="game_handler.h">
      <Filter>core\network</Filter>
    </CustomBuild>
    <CustomBuild Include="config_loader.h">
      <Filter>core\config</Filter>
    </CustomBuild>
    <CustomBuild Include="character_config.h">
      <Filter>core\config\cofiguration</Filter>
    </CustomBuild>
    <CustomBuild Include="login_config.h">
      <Filter>core\config\cofiguration</Filter>
    </CustomBuild>
    <CustomBuild Include="game_loader.ui">
      <Filter>core\ui</Filter>
    </CustomBuild>
    <CustomBuild Include="game_loader.h">
      <Filter>core\logic</Filter>
    </CustomBuild>
  </ItemGroup>
  <ItemGroup>
    <ResourceCompile Include="coeus_client_qt.rc" />
  </ItemGroup>
  <ItemGroup>
    <ClInclude Include="GeneratedFiles\ui_game_loader.h">
      <Filter>qt_main\Generated Files</Filter>
    </ClInclude>
    <ClInclude Include="game_data.h">
      <Filter>core\logic\data</Filter>
    </ClInclude>
  </ItemGroup>
</Project>