
Microsoft Visual Studio Solution File, Format Version 12.00
# Visual Studio 2013
VisualStudioVersion = 12.0.21005.1
MinimumVisualStudioVersion = 10.0.40219.1
Project("{8BC9CEB8-8B4A-11D0-8D11-00A0C91BC942}") = "coeus_server", "..\src\coeus\coeus_server\coeus_server.vcxproj", "{6E347786-412E-46F6-9CFF-A367106C99B0}"
	ProjectSection(ProjectDependencies) = postProject
		{23B3DA61-A907-41DD-BAC3-E4F1A68B20B3} = {23B3DA61-A907-41DD-BAC3-E4F1A68B20B3}
		{9C15937D-8CE0-407D-8A25-82EEDCEA6930} = {9C15937D-8CE0-407D-8A25-82EEDCEA6930}
	EndProjectSection
EndProject
Project("{8BC9CEB8-8B4A-11D0-8D11-00A0C91BC942}") = "venus", "..\src\coeus\venus_net\venus_net.vcxproj", "{9C15937D-8CE0-407D-8A25-82EEDCEA6930}"
EndProject
Project("{2150E333-8FDC-42A3-9474-1A3956D46DE8}") = "server", "server", "{EC1CA481-2011-4921-844C-23C483350E82}"
EndProject
Project("{2150E333-8FDC-42A3-9474-1A3956D46DE8}") = "client", "client", "{F47B6E70-66F4-48B4-BA8E-F8BA9789065E}"
EndProject
Project("{2150E333-8FDC-42A3-9474-1A3956D46DE8}") = "common", "common", "{E6C27948-A128-4585-99D0-2FAB94DEBA59}"
EndProject
Project("{8BC9CEB8-8B4A-11D0-8D11-00A0C91BC942}") = "game_common", "..\src\coeus\game_common\game_common.vcxproj", "{23B3DA61-A907-41DD-BAC3-E4F1A68B20B3}"
	ProjectSection(ProjectDependencies) = postProject
		{9C15937D-8CE0-407D-8A25-82EEDCEA6930} = {9C15937D-8CE0-407D-8A25-82EEDCEA6930}
	EndProjectSection
EndProject
Project("{8BC9CEB8-8B4A-11D0-8D11-00A0C91BC942}") = "coeus_client_qt", "..\src\coeus\coeus_client_qt\coeus_client_qt.vcxproj", "{B12702AD-ABFB-343A-A199-8E24837244A3}"
	ProjectSection(ProjectDependencies) = postProject
		{23B3DA61-A907-41DD-BAC3-E4F1A68B20B3} = {23B3DA61-A907-41DD-BAC3-E4F1A68B20B3}
		{9C15937D-8CE0-407D-8A25-82EEDCEA6930} = {9C15937D-8CE0-407D-8A25-82EEDCEA6930}
		{6E347786-412E-46F6-9CFF-A367106C99B0} = {6E347786-412E-46F6-9CFF-A367106C99B0}
	EndProjectSection
EndProject
Project("{2150E333-8FDC-42A3-9474-1A3956D46DE8}") = "game", "game", "{AEF4C249-F13B-4E4A-B475-B4EFCD856388}"
EndProject
Project("{2150E333-8FDC-42A3-9474-1A3956D46DE8}") = "tools", "tools", "{1BB24F3F-8D72-4BAF-B946-E0A3201E2A9D}"
EndProject
Project("{8BC9CEB8-8B4A-11D0-8D11-00A0C91BC942}") = "coeus_editor", "..\src\coeus\coeus_editor\coeus_editor.vcxproj", "{CACE1D91-407E-4EA6-AEF0-41C9B27CFF63}"
	ProjectSection(ProjectDependencies) = postProject
		{23B3DA61-A907-41DD-BAC3-E4F1A68B20B3} = {23B3DA61-A907-41DD-BAC3-E4F1A68B20B3}
	EndProjectSection
EndProject
Project("{8BC9CEB8-8B4A-11D0-8D11-00A0C91BC942}") = "script_engine_test", "..\src\coeus\script_engine\ScriptEngineTest.vcxproj", "{E2AD1433-7447-4D18-B4D0-BE70AF2A62D1}"
EndProject
Global
	GlobalSection(SolutionConfigurationPlatforms) = preSolution
		Debug|Mixed Platforms = Debug|Mixed Platforms
		Debug|Win32 = Debug|Win32
		Debug|x64 = Debug|x64
		Release|Mixed Platforms = Release|Mixed Platforms
		Release|Win32 = Release|Win32
		Release|x64 = Release|x64
	EndGlobalSection
	GlobalSection(ProjectConfigurationPlatforms) = postSolution
		{6E347786-412E-46F6-9CFF-A367106C99B0}.Debug|Mixed Platforms.ActiveCfg = Debug|Win32
		{6E347786-412E-46F6-9CFF-A367106C99B0}.Debug|Mixed Platforms.Build.0 = Debug|Win32
		{6E347786-412E-46F6-9CFF-A367106C99B0}.Debug|Win32.ActiveCfg = Debug|Win32
		{6E347786-412E-46F6-9CFF-A367106C99B0}.Debug|Win32.Build.0 = Debug|Win32
		{6E347786-412E-46F6-9CFF-A367106C99B0}.Debug|x64.ActiveCfg = Debug|x64
		{6E347786-412E-46F6-9CFF-A367106C99B0}.Debug|x64.Build.0 = Debug|x64
		{6E347786-412E-46F6-9CFF-A367106C99B0}.Release|Mixed Platforms.ActiveCfg = Release|Win32
		{6E347786-412E-46F6-9CFF-A367106C99B0}.Release|Mixed Platforms.Build.0 = Release|Win32
		{6E347786-412E-46F6-9CFF-A367106C99B0}.Release|Win32.ActiveCfg = Release|Win32
		{6E347786-412E-46F6-9CFF-A367106C99B0}.Release|Win32.Build.0 = Release|Win32
		{6E347786-412E-46F6-9CFF-A367106C99B0}.Release|x64.ActiveCfg = Release|x64
		{6E347786-412E-46F6-9CFF-A367106C99B0}.Release|x64.Build.0 = Release|x64
		{9C15937D-8CE0-407D-8A25-82EEDCEA6930}.Debug|Mixed Platforms.ActiveCfg = Debug|Win32
		{9C15937D-8CE0-407D-8A25-82EEDCEA6930}.Debug|Mixed Platforms.Build.0 = Debug|Win32
		{9C15937D-8CE0-407D-8A25-82EEDCEA6930}.Debug|Win32.ActiveCfg = Debug|Win32
		{9C15937D-8CE0-407D-8A25-82EEDCEA6930}.Debug|Win32.Build.0 = Debug|Win32
		{9C15937D-8CE0-407D-8A25-82EEDCEA6930}.Debug|x64.ActiveCfg = Debug|x64
		{9C15937D-8CE0-407D-8A25-82EEDCEA6930}.Debug|x64.Build.0 = Debug|x64
		{9C15937D-8CE0-407D-8A25-82EEDCEA6930}.Release|Mixed Platforms.ActiveCfg = Release|Win32
		{9C15937D-8CE0-407D-8A25-82EEDCEA6930}.Release|Mixed Platforms.Build.0 = Release|Win32
		{9C15937D-8CE0-407D-8A25-82EEDCEA6930}.Release|Win32.ActiveCfg = Release|Win32
		{9C15937D-8CE0-407D-8A25-82EEDCEA6930}.Release|Win32.Build.0 = Release|Win32
		{9C15937D-8CE0-407D-8A25-82EEDCEA6930}.Release|x64.ActiveCfg = Release|x64
		{9C15937D-8CE0-407D-8A25-82EEDCEA6930}.Release|x64.Build.0 = Release|x64
		{23B3DA61-A907-41DD-BAC3-E4F1A68B20B3}.Debug|Mixed Platforms.ActiveCfg = Debug|Win32
		{23B3DA61-A907-41DD-BAC3-E4F1A68B20B3}.Debug|Mixed Platforms.Build.0 = Debug|Win32
		{23B3DA61-A907-41DD-BAC3-E4F1A68B20B3}.Debug|Win32.ActiveCfg = Debug|Win32
		{23B3DA61-A907-41DD-BAC3-E4F1A68B20B3}.Debug|Win32.Build.0 = Debug|Win32
		{23B3DA61-A907-41DD-BAC3-E4F1A68B20B3}.Debug|x64.ActiveCfg = Debug|Win32
		{23B3DA61-A907-41DD-BAC3-E4F1A68B20B3}.Release|Mixed Platforms.ActiveCfg = Release|Win32
		{23B3DA61-A907-41DD-BAC3-E4F1A68B20B3}.Release|Mixed Platforms.Build.0 = Release|Win32
		{23B3DA61-A907-41DD-BAC3-E4F1A68B20B3}.Release|Win32.ActiveCfg = Release|Win32
		{23B3DA61-A907-41DD-BAC3-E4F1A68B20B3}.Release|Win32.Build.0 = Release|Win32
		{23B3DA61-A907-41DD-BAC3-E4F1A68B20B3}.Release|x64.ActiveCfg = Release|Win32
		{B12702AD-ABFB-343A-A199-8E24837244A3}.Debug|Mixed Platforms.ActiveCfg = Debug|Win32
		{B12702AD-ABFB-343A-A199-8E24837244A3}.Debug|Mixed Platforms.Build.0 = Debug|Win32
		{B12702AD-ABFB-343A-A199-8E24837244A3}.Debug|Win32.ActiveCfg = Debug|Win32
		{B12702AD-ABFB-343A-A199-8E24837244A3}.Debug|Win32.Build.0 = Debug|Win32
		{B12702AD-ABFB-343A-A199-8E24837244A3}.Debug|x64.ActiveCfg = Debug|x64
		{B12702AD-ABFB-343A-A199-8E24837244A3}.Debug|x64.Build.0 = Debug|x64
		{B12702AD-ABFB-343A-A199-8E24837244A3}.Release|Mixed Platforms.ActiveCfg = Release|Win32
		{B12702AD-ABFB-343A-A199-8E24837244A3}.Release|Mixed Platforms.Build.0 = Release|Win32
		{B12702AD-ABFB-343A-A199-8E24837244A3}.Release|Win32.ActiveCfg = Release|Win32
		{B12702AD-ABFB-343A-A199-8E24837244A3}.Release|Win32.Build.0 = Release|Win32
		{B12702AD-ABFB-343A-A199-8E24837244A3}.Release|x64.ActiveCfg = Release|x64
		{B12702AD-ABFB-343A-A199-8E24837244A3}.Release|x64.Build.0 = Release|x64
		{CACE1D91-407E-4EA6-AEF0-41C9B27CFF63}.Debug|Mixed Platforms.ActiveCfg = Debug|Win32
		{CACE1D91-407E-4EA6-AEF0-41C9B27CFF63}.Debug|Mixed Platforms.Build.0 = Debug|Win32
		{CACE1D91-407E-4EA6-AEF0-41C9B27CFF63}.Debug|Win32.ActiveCfg = Debug|Win32
		{CACE1D91-407E-4EA6-AEF0-41C9B27CFF63}.Debug|Win32.Build.0 = Debug|Win32
		{CACE1D91-407E-4EA6-AEF0-41C9B27CFF63}.Debug|x64.ActiveCfg = Debug|Win32
		{CACE1D91-407E-4EA6-AEF0-41C9B27CFF63}.Release|Mixed Platforms.ActiveCfg = Release|Win32
		{CACE1D91-407E-4EA6-AEF0-41C9B27CFF63}.Release|Mixed Platforms.Build.0 = Release|Win32
		{CACE1D91-407E-4EA6-AEF0-41C9B27CFF63}.Release|Win32.ActiveCfg = Release|Win32
		{CACE1D91-407E-4EA6-AEF0-41C9B27CFF63}.Release|Win32.Build.0 = Release|Win32
		{CACE1D91-407E-4EA6-AEF0-41C9B27CFF63}.Release|x64.ActiveCfg = Release|Win32
		{E2AD1433-7447-4D18-B4D0-BE70AF2A62D1}.Debug|Mixed Platforms.ActiveCfg = Debug|Win32
		{E2AD1433-7447-4D18-B4D0-BE70AF2A62D1}.Debug|Mixed Platforms.Build.0 = Debug|Win32
		{E2AD1433-7447-4D18-B4D0-BE70AF2A62D1}.Debug|Win32.ActiveCfg = Debug|Win32
		{E2AD1433-7447-4D18-B4D0-BE70AF2A62D1}.Debug|Win32.Build.0 = Debug|Win32
		{E2AD1433-7447-4D18-B4D0-BE70AF2A62D1}.Debug|x64.ActiveCfg = Debug|Win32
		{E2AD1433-7447-4D18-B4D0-BE70AF2A62D1}.Release|Mixed Platforms.ActiveCfg = Release|Win32
		{E2AD1433-7447-4D18-B4D0-BE70AF2A62D1}.Release|Mixed Platforms.Build.0 = Release|Win32
		{E2AD1433-7447-4D18-B4D0-BE70AF2A62D1}.Release|Win32.ActiveCfg = Release|Win32
		{E2AD1433-7447-4D18-B4D0-BE70AF2A62D1}.Release|Win32.Build.0 = Release|Win32
		{E2AD1433-7447-4D18-B4D0-BE70AF2A62D1}.Release|x64.ActiveCfg = Release|Win32
	EndGlobalSection
	GlobalSection(SolutionProperties) = preSolution
		HideSolutionNode = FALSE
	EndGlobalSection
	GlobalSection(NestedProjects) = preSolution
		{E6C27948-A128-4585-99D0-2FAB94DEBA59} = {AEF4C249-F13B-4E4A-B475-B4EFCD856388}
		{EC1CA481-2011-4921-844C-23C483350E82} = {AEF4C249-F13B-4E4A-B475-B4EFCD856388}
		{F47B6E70-66F4-48B4-BA8E-F8BA9789065E} = {AEF4C249-F13B-4E4A-B475-B4EFCD856388}
		{9C15937D-8CE0-407D-8A25-82EEDCEA6930} = {E6C27948-A128-4585-99D0-2FAB94DEBA59}
		{23B3DA61-A907-41DD-BAC3-E4F1A68B20B3} = {E6C27948-A128-4585-99D0-2FAB94DEBA59}
		{6E347786-412E-46F6-9CFF-A367106C99B0} = {EC1CA481-2011-4921-844C-23C483350E82}
		{B12702AD-ABFB-343A-A199-8E24837244A3} = {F47B6E70-66F4-48B4-BA8E-F8BA9789065E}
		{CACE1D91-407E-4EA6-AEF0-41C9B27CFF63} = {1BB24F3F-8D72-4BAF-B946-E0A3201E2A9D}
		{E2AD1433-7447-4D18-B4D0-BE70AF2A62D1} = {1BB24F3F-8D72-4BAF-B946-E0A3201E2A9D}
	EndGlobalSection
EndGlobal
